// !$*UTF8*$!
{
	archiveVersion = 1;
	classes = {
	};
	objectVersion = 56;
	objects = {

/* Begin PBXBuildFile section */
		E83646FC2C34090600371435 /* EmptyState.swift in Sources */ = {isa = PBXBuildFile; fileRef = E83646FB2C34090600371435 /* EmptyState.swift */; };
		E83646FE2C340D9F00371435 /* Order.swift in Sources */ = {isa = PBXBuildFile; fileRef = E83646FD2C340D9F00371435 /* Order.swift */; };
		E83647002C341D1100371435 /* CustomModifiers.swift in Sources */ = {isa = PBXBuildFile; fileRef = E83646FF2C341D1100371435 /* CustomModifiers.swift */; };
		E85ADA0B2C2CC64C0057C3FA /* Food_OrderingApp.swift in Sources */ = {isa = PBXBuildFile; fileRef = E85ADA0A2C2CC64C0057C3FA /* Food_OrderingApp.swift */; };
		E85ADA0D2C2CC64C0057C3FA /* FoodOrderingTabView.swift in Sources */ = {isa = PBXBuildFile; fileRef = E85ADA0C2C2CC64C0057C3FA /* FoodOrderingTabView.swift */; };
		E85ADA0F2C2CC64F0057C3FA /* Assets.xcassets in Resources */ = {isa = PBXBuildFile; fileRef = E85ADA0E2C2CC64F0057C3FA /* Assets.xcassets */; };
		E85ADA122C2CC64F0057C3FA /* Preview Assets.xcassets in Resources */ = {isa = PBXBuildFile; fileRef = E85ADA112C2CC64F0057C3FA /* Preview Assets.xcassets */; };
		E85ADA192C2EC5F10057C3FA /* HomeView.swift in Sources */ = {isa = PBXBuildFile; fileRef = E85ADA182C2EC5F10057C3FA /* HomeView.swift */; };
		E85ADA1B2C2EC6070057C3FA /* AccountView.swift in Sources */ = {isa = PBXBuildFile; fileRef = E85ADA1A2C2EC6070057C3FA /* AccountView.swift */; };
		E85ADA1D2C2EC6110057C3FA /* OrderView.swift in Sources */ = {isa = PBXBuildFile; fileRef = E85ADA1C2C2EC6110057C3FA /* OrderView.swift */; };
		E85ADA1F2C2EDBA40057C3FA /* Appetizer.swift in Sources */ = {isa = PBXBuildFile; fileRef = E85ADA1E2C2EDBA40057C3FA /* Appetizer.swift */; };
		E85ADA212C2EE4690057C3FA /* AppetizerListCell.swift in Sources */ = {isa = PBXBuildFile; fileRef = E85ADA202C2EE4690057C3FA /* AppetizerListCell.swift */; };
		E85ADA232C3025AC0057C3FA /* NetworkManager.swift in Sources */ = {isa = PBXBuildFile; fileRef = E85ADA222C3025AC0057C3FA /* NetworkManager.swift */; };
		E85ADA252C3027D40057C3FA /* APError.swift in Sources */ = {isa = PBXBuildFile; fileRef = E85ADA242C3027D40057C3FA /* APError.swift */; };
		E85ADA272C3039B70057C3FA /* AppetizerViewModel.swift in Sources */ = {isa = PBXBuildFile; fileRef = E85ADA262C3039B70057C3FA /* AppetizerViewModel.swift */; };
		E85ADA292C303D440057C3FA /* Alert.swift in Sources */ = {isa = PBXBuildFile; fileRef = E85ADA282C303D440057C3FA /* Alert.swift */; };
		E85ADA2B2C3041F00057C3FA /* LoadingView.swift in Sources */ = {isa = PBXBuildFile; fileRef = E85ADA2A2C3041F00057C3FA /* LoadingView.swift */; };
		E85ADA2D2C3044E40057C3FA /* Color.swift in Sources */ = {isa = PBXBuildFile; fileRef = E85ADA2C2C3044E40057C3FA /* Color.swift */; };
		E85ADA2F2C31641A0057C3FA /* RemoteImage.swift in Sources */ = {isa = PBXBuildFile; fileRef = E85ADA2E2C31641A0057C3FA /* RemoteImage.swift */; };
		E85ADA3E2C31778F0057C3FA /* AppetizerDetailsView.swift in Sources */ = {isa = PBXBuildFile; fileRef = E85ADA3D2C31778F0057C3FA /* AppetizerDetailsView.swift */; };
		E85ADA412C32B35C0057C3FA /* APButton.swift in Sources */ = {isa = PBXBuildFile; fileRef = E85ADA402C32B35C0057C3FA /* APButton.swift */; };
		E85ADA432C32B4AD0057C3FA /* DismissButton.swift in Sources */ = {isa = PBXBuildFile; fileRef = E85ADA422C32B4AD0057C3FA /* DismissButton.swift */; };
		E85ADA452C32C2290057C3FA /* AccountViewModel.swift in Sources */ = {isa = PBXBuildFile; fileRef = E85ADA442C32C2290057C3FA /* AccountViewModel.swift */; };
		E85ADA472C32C5080057C3FA /* String.swift in Sources */ = {isa = PBXBuildFile; fileRef = E85ADA462C32C5080057C3FA /* String.swift */; };
		E85ADA492C32D3C40057C3FA /* User.swift in Sources */ = {isa = PBXBuildFile; fileRef = E85ADA482C32D3C40057C3FA /* User.swift */; };
/* End PBXBuildFile section */

/* Begin PBXFileReference section */
		E83646FB2C34090600371435 /* EmptyState.swift */ = {isa = PBXFileReference; lastKnownFileType = sourcecode.swift; path = EmptyState.swift; sourceTree = "<group>"; };
		E83646FD2C340D9F00371435 /* Order.swift */ = {isa = PBXFileReference; lastKnownFileType = sourcecode.swift; path = Order.swift; sourceTree = "<group>"; };
		E83646FF2C341D1100371435 /* CustomModifiers.swift */ = {isa = PBXFileReference; lastKnownFileType = sourcecode.swift; path = CustomModifiers.swift; sourceTree = "<group>"; };
		E85ADA072C2CC64C0057C3FA /* Food-Ordering.app */ = {isa = PBXFileReference; explicitFileType = wrapper.application; includeInIndex = 0; path = "Food-Ordering.app"; sourceTree = BUILT_PRODUCTS_DIR; };
		E85ADA0A2C2CC64C0057C3FA /* Food_OrderingApp.swift */ = {isa = PBXFileReference; lastKnownFileType = sourcecode.swift; path = Food_OrderingApp.swift; sourceTree = "<group>"; };
		E85ADA0C2C2CC64C0057C3FA /* FoodOrderingTabView.swift */ = {isa = PBXFileReference; lastKnownFileType = sourcecode.swift; path = FoodOrderingTabView.swift; sourceTree = "<group>"; };
		E85ADA0E2C2CC64F0057C3FA /* Assets.xcassets */ = {isa = PBXFileReference; lastKnownFileType = folder.assetcatalog; path = Assets.xcassets; sourceTree = "<group>"; };
		E85ADA112C2CC64F0057C3FA /* Preview Assets.xcassets */ = {isa = PBXFileReference; lastKnownFileType = folder.assetcatalog; path = "Preview Assets.xcassets"; sourceTree = "<group>"; };
		E85ADA182C2EC5F10057C3FA /* HomeView.swift */ = {isa = PBXFileReference; lastKnownFileType = sourcecode.swift; path = HomeView.swift; sourceTree = "<group>"; };
		E85ADA1A2C2EC6070057C3FA /* AccountView.swift */ = {isa = PBXFileReference; lastKnownFileType = sourcecode.swift; path = AccountView.swift; sourceTree = "<group>"; };
		E85ADA1C2C2EC6110057C3FA /* OrderView.swift */ = {isa = PBXFileReference; lastKnownFileType = sourcecode.swift; path = OrderView.swift; sourceTree = "<group>"; };
		E85ADA1E2C2EDBA40057C3FA /* Appetizer.swift */ = {isa = PBXFileReference; lastKnownFileType = sourcecode.swift; path = Appetizer.swift; sourceTree = "<group>"; };
		E85ADA202C2EE4690057C3FA /* AppetizerListCell.swift */ = {isa = PBXFileReference; lastKnownFileType = sourcecode.swift; path = AppetizerListCell.swift; sourceTree = "<group>"; };
		E85ADA222C3025AC0057C3FA /* NetworkManager.swift */ = {isa = PBXFileReference; lastKnownFileType = sourcecode.swift; path = NetworkManager.swift; sourceTree = "<group>"; };
		E85ADA242C3027D40057C3FA /* APError.swift */ = {isa = PBXFileReference; lastKnownFileType = sourcecode.swift; path = APError.swift; sourceTree = "<group>"; };
		E85ADA262C3039B70057C3FA /* AppetizerViewModel.swift */ = {isa = PBXFileReference; lastKnownFileType = sourcecode.swift; path = AppetizerViewModel.swift; sourceTree = "<group>"; };
		E85ADA282C303D440057C3FA /* Alert.swift */ = {isa = PBXFileReference; lastKnownFileType = sourcecode.swift; path = Alert.swift; sourceTree = "<group>"; };
		E85ADA2A2C3041F00057C3FA /* LoadingView.swift */ = {isa = PBXFileReference; lastKnownFileType = sourcecode.swift; path = LoadingView.swift; sourceTree = "<group>"; };
		E85ADA2C2C3044E40057C3FA /* Color.swift */ = {isa = PBXFileReference; lastKnownFileType = sourcecode.swift; path = Color.swift; sourceTree = "<group>"; };
		E85ADA2E2C31641A0057C3FA /* RemoteImage.swift */ = {isa = PBXFileReference; lastKnownFileType = sourcecode.swift; path = RemoteImage.swift; sourceTree = "<group>"; };
		E85ADA3D2C31778F0057C3FA /* AppetizerDetailsView.swift */ = {isa = PBXFileReference; lastKnownFileType = sourcecode.swift; path = AppetizerDetailsView.swift; sourceTree = "<group>"; };
		E85ADA402C32B35C0057C3FA /* APButton.swift */ = {isa = PBXFileReference; lastKnownFileType = sourcecode.swift; path = APButton.swift; sourceTree = "<group>"; };
		E85ADA422C32B4AD0057C3FA /* DismissButton.swift */ = {isa = PBXFileReference; lastKnownFileType = sourcecode.swift; path = DismissButton.swift; sourceTree = "<group>"; };
		E85ADA442C32C2290057C3FA /* AccountViewModel.swift */ = {isa = PBXFileReference; lastKnownFileType = sourcecode.swift; path = AccountViewModel.swift; sourceTree = "<group>"; };
		E85ADA462C32C5080057C3FA /* String.swift */ = {isa = PBXFileReference; lastKnownFileType = sourcecode.swift; path = String.swift; sourceTree = "<group>"; };
		E85ADA482C32D3C40057C3FA /* User.swift */ = {isa = PBXFileReference; lastKnownFileType = sourcecode.swift; path = User.swift; sourceTree = "<group>"; };
/* End PBXFileReference section */

/* Begin PBXFrameworksBuildPhase section */
		E85ADA042C2CC64C0057C3FA /* Frameworks */ = {
			isa = PBXFrameworksBuildPhase;
			buildActionMask = 2147483647;
			files = (
			);
			runOnlyForDeploymentPostprocessing = 0;
		};
/* End PBXFrameworksBuildPhase section */

/* Begin PBXGroup section */
		E83646FA2C3408DA00371435 /* EmptyStates */ = {
			isa = PBXGroup;
			children = (
				E83646FB2C34090600371435 /* EmptyState.swift */,
			);
			path = EmptyStates;
			sourceTree = "<group>";
		};
		E85AD9FE2C2CC64C0057C3FA = {
			isa = PBXGroup;
			children = (
				E85ADA092C2CC64C0057C3FA /* Food-Ordering */,
				E85ADA082C2CC64C0057C3FA /* Products */,
			);
			sourceTree = "<group>";
		};
		E85ADA082C2CC64C0057C3FA /* Products */ = {
			isa = PBXGroup;
			children = (
				E85ADA072C2CC64C0057C3FA /* Food-Ordering.app */,
			);
			name = Products;
			sourceTree = "<group>";
		};
		E85ADA092C2CC64C0057C3FA /* Food-Ordering */ = {
			isa = PBXGroup;
			children = (
				E85ADA392C316BE00057C3FA /* Views */,
				E85ADA382C316BB10057C3FA /* Model */,
				E85ADA342C316B090057C3FA /* Utilities */,
				E85ADA302C316A350057C3FA /* Screens */,
				E85ADA0A2C2CC64C0057C3FA /* Food_OrderingApp.swift */,
				E85ADA0E2C2CC64F0057C3FA /* Assets.xcassets */,
				E85ADA102C2CC64F0057C3FA /* Preview Content */,
			);
			path = "Food-Ordering";
			sourceTree = "<group>";
		};
		E85ADA102C2CC64F0057C3FA /* Preview Content */ = {
			isa = PBXGroup;
			children = (
				E85ADA112C2CC64F0057C3FA /* Preview Assets.xcassets */,
			);
			path = "Preview Content";
			sourceTree = "<group>";
		};
		E85ADA302C316A350057C3FA /* Screens */ = {
			isa = PBXGroup;
			children = (
				E85ADA0C2C2CC64C0057C3FA /* FoodOrderingTabView.swift */,
				E85ADA332C316A790057C3FA /* AppetizerOrderView */,
				E85ADA322C316A680057C3FA /* AppetizerAccountView */,
				E85ADA312C316A5B0057C3FA /* AppetizerListView */,
			);
			path = Screens;
			sourceTree = "<group>";
		};
		E85ADA312C316A5B0057C3FA /* AppetizerListView */ = {
			isa = PBXGroup;
			children = (
				E85ADA262C3039B70057C3FA /* AppetizerViewModel.swift */,
				E85ADA182C2EC5F10057C3FA /* HomeView.swift */,
				E85ADA3D2C31778F0057C3FA /* AppetizerDetailsView.swift */,
			);
			path = AppetizerListView;
			sourceTree = "<group>";
		};
		E85ADA322C316A680057C3FA /* AppetizerAccountView */ = {
			isa = PBXGroup;
			children = (
				E85ADA1A2C2EC6070057C3FA /* AccountView.swift */,
				E85ADA442C32C2290057C3FA /* AccountViewModel.swift */,
			);
			path = AppetizerAccountView;
			sourceTree = "<group>";
		};
		E85ADA332C316A790057C3FA /* AppetizerOrderView */ = {
			isa = PBXGroup;
			children = (
				E85ADA1C2C2EC6110057C3FA /* OrderView.swift */,
			);
			path = AppetizerOrderView;
			sourceTree = "<group>";
		};
		E85ADA342C316B090057C3FA /* Utilities */ = {
			isa = PBXGroup;
			children = (
				E85ADA372C316B5B0057C3FA /* Alert */,
				E85ADA362C316B300057C3FA /* Managers */,
				E85ADA352C316B180057C3FA /* Extentions */,
			);
			path = Utilities;
			sourceTree = "<group>";
		};
		E85ADA352C316B180057C3FA /* Extentions */ = {
			isa = PBXGroup;
			children = (
				E85ADA2C2C3044E40057C3FA /* Color.swift */,
				E85ADA462C32C5080057C3FA /* String.swift */,
			);
			path = Extentions;
			sourceTree = "<group>";
		};
		E85ADA362C316B300057C3FA /* Managers */ = {
			isa = PBXGroup;
			children = (
				E85ADA222C3025AC0057C3FA /* NetworkManager.swift */,
			);
			path = Managers;
			sourceTree = "<group>";
		};
		E85ADA372C316B5B0057C3FA /* Alert */ = {
			isa = PBXGroup;
			children = (
				E85ADA282C303D440057C3FA /* Alert.swift */,
				E85ADA242C3027D40057C3FA /* APError.swift */,
			);
			path = Alert;
			sourceTree = "<group>";
		};
		E85ADA382C316BB10057C3FA /* Model */ = {
			isa = PBXGroup;
			children = (
				E85ADA1E2C2EDBA40057C3FA /* Appetizer.swift */,
				E85ADA482C32D3C40057C3FA /* User.swift */,
				E83646FD2C340D9F00371435 /* Order.swift */,
			);
			path = Model;
			sourceTree = "<group>";
		};
		E85ADA392C316BE00057C3FA /* Views */ = {
			isa = PBXGroup;
			children = (
				E83646FA2C3408DA00371435 /* EmptyStates */,
				E85ADA3F2C32B3420057C3FA /* Buttons */,
				E85ADA3C2C316C240057C3FA /* Image */,
				E85ADA3B2C316BF90057C3FA /* Cells */,
				E85ADA3A2C316BE70057C3FA /* UIKit-Components */,
				E83646FF2C341D1100371435 /* CustomModifiers.swift */,
			);
			path = Views;
			sourceTree = "<group>";
		};
		E85ADA3A2C316BE70057C3FA /* UIKit-Components */ = {
			isa = PBXGroup;
			children = (
				E85ADA2A2C3041F00057C3FA /* LoadingView.swift */,
			);
			path = "UIKit-Components";
			sourceTree = "<group>";
		};
		E85ADA3B2C316BF90057C3FA /* Cells */ = {
			isa = PBXGroup;
			children = (
				E85ADA202C2EE4690057C3FA /* AppetizerListCell.swift */,
			);
			path = Cells;
			sourceTree = "<group>";
		};
		E85ADA3C2C316C240057C3FA /* Image */ = {
			isa = PBXGroup;
			children = (
				E85ADA2E2C31641A0057C3FA /* RemoteImage.swift */,
			);
			path = Image;
			sourceTree = "<group>";
		};
		E85ADA3F2C32B3420057C3FA /* Buttons */ = {
			isa = PBXGroup;
			children = (
				E85ADA402C32B35C0057C3FA /* APButton.swift */,
				E85ADA422C32B4AD0057C3FA /* DismissButton.swift */,
			);
			path = Buttons;
			sourceTree = "<group>";
		};
/* End PBXGroup section */

/* Begin PBXNativeTarget section */
		E85ADA062C2CC64C0057C3FA /* Food-Ordering */ = {
			isa = PBXNativeTarget;
			buildConfigurationList = E85ADA152C2CC64F0057C3FA /* Build configuration list for PBXNativeTarget "Food-Ordering" */;
			buildPhases = (
				E85ADA032C2CC64C0057C3FA /* Sources */,
				E85ADA042C2CC64C0057C3FA /* Frameworks */,
				E85ADA052C2CC64C0057C3FA /* Resources */,
			);
			buildRules = (
			);
			dependencies = (
			);
			name = "Food-Ordering";
			productName = "Food-Ordering";
			productReference = E85ADA072C2CC64C0057C3FA /* Food-Ordering.app */;
			productType = "com.apple.product-type.application";
		};
/* End PBXNativeTarget section */

/* Begin PBXProject section */
		E85AD9FF2C2CC64C0057C3FA /* Project object */ = {
			isa = PBXProject;
			attributes = {
				BuildIndependentTargetsInParallel = 1;
				LastSwiftUpdateCheck = 1540;
				LastUpgradeCheck = 1540;
				TargetAttributes = {
					E85ADA062C2CC64C0057C3FA = {
						CreatedOnToolsVersion = 15.4;
					};
				};
			};
			buildConfigurationList = E85ADA022C2CC64C0057C3FA /* Build configuration list for PBXProject "Food-Ordering" */;
			compatibilityVersion = "Xcode 14.0";
			developmentRegion = en;
			hasScannedForEncodings = 0;
			knownRegions = (
				en,
				Base,
			);
			mainGroup = E85AD9FE2C2CC64C0057C3FA;
			productRefGroup = E85ADA082C2CC64C0057C3FA /* Products */;
			projectDirPath = "";
			projectRoot = "";
			targets = (
				E85ADA062C2CC64C0057C3FA /* Food-Ordering */,
			);
		};
/* End PBXProject section */

/* Begin PBXResourcesBuildPhase section */
		E85ADA052C2CC64C0057C3FA /* Resources */ = {
			isa = PBXResourcesBuildPhase;
			buildActionMask = 2147483647;
			files = (
				E85ADA122C2CC64F0057C3FA /* Preview Assets.xcassets in Resources */,
				E85ADA0F2C2CC64F0057C3FA /* Assets.xcassets in Resources */,
			);
			runOnlyForDeploymentPostprocessing = 0;
		};
/* End PBXResourcesBuildPhase section */

/* Begin PBXSourcesBuildPhase section */
		E85ADA032C2CC64C0057C3FA /* Sources */ = {
			isa = PBXSourcesBuildPhase;
			buildActionMask = 2147483647;
			files = (
				E85ADA472C32C5080057C3FA /* String.swift in Sources */,
				E85ADA1F2C2EDBA40057C3FA /* Appetizer.swift in Sources */,
				E85ADA252C3027D40057C3FA /* APError.swift in Sources */,
				E85ADA212C2EE4690057C3FA /* AppetizerListCell.swift in Sources */,
				E83646FE2C340D9F00371435 /* Order.swift in Sources */,
				E85ADA1B2C2EC6070057C3FA /* AccountView.swift in Sources */,
				E85ADA452C32C2290057C3FA /* AccountViewModel.swift in Sources */,
				E85ADA2D2C3044E40057C3FA /* Color.swift in Sources */,
				E85ADA432C32B4AD0057C3FA /* DismissButton.swift in Sources */,
				E85ADA492C32D3C40057C3FA /* User.swift in Sources */,
				E85ADA192C2EC5F10057C3FA /* HomeView.swift in Sources */,
				E85ADA412C32B35C0057C3FA /* APButton.swift in Sources */,
				E85ADA2B2C3041F00057C3FA /* LoadingView.swift in Sources */,
				E85ADA232C3025AC0057C3FA /* NetworkManager.swift in Sources */,
				E85ADA3E2C31778F0057C3FA /* AppetizerDetailsView.swift in Sources */,
				E85ADA0D2C2CC64C0057C3FA /* FoodOrderingTabView.swift in Sources */,
				E83646FC2C34090600371435 /* EmptyState.swift in Sources */,
				E85ADA2F2C31641A0057C3FA /* RemoteImage.swift in Sources */,
				E85ADA272C3039B70057C3FA /* AppetizerViewModel.swift in Sources */,
				E85ADA292C303D440057C3FA /* Alert.swift in Sources */,
				E83647002C341D1100371435 /* CustomModifiers.swift in Sources */,
				E85ADA0B2C2CC64C0057C3FA /* Food_OrderingApp.swift in Sources */,
				E85ADA1D2C2EC6110057C3FA /* OrderView.swift in Sources */,
			);
			runOnlyForDeploymentPostprocessing = 0;
		};
/* End PBXSourcesBuildPhase section */

/* Begin XCBuildConfiguration section */
		E85ADA132C2CC64F0057C3FA /* Debug */ = {
			isa = XCBuildConfiguration;
			buildSettings = {
				ALWAYS_SEARCH_USER_PATHS = NO;
				ASSETCATALOG_COMPILER_GENERATE_SWIFT_ASSET_SYMBOL_EXTENSIONS = YES;
				CLANG_ANALYZER_NONNULL = YES;
				CLANG_ANALYZER_NUMBER_OBJECT_CONVERSION = YES_AGGRESSIVE;
				CLANG_CXX_LANGUAGE_STANDARD = "gnu++20";
				CLANG_ENABLE_MODULES = YES;
				CLANG_ENABLE_OBJC_ARC = YES;
				CLANG_ENABLE_OBJC_WEAK = YES;
				CLANG_WARN_BLOCK_CAPTURE_AUTORELEASING = YES;
				CLANG_WARN_BOOL_CONVERSION = YES;
				CLANG_WARN_COMMA = YES;
				CLANG_WARN_CONSTANT_CONVERSION = YES;
				CLANG_WARN_DEPRECATED_OBJC_IMPLEMENTATIONS = YES;
				CLANG_WARN_DIRECT_OBJC_ISA_USAGE = YES_ERROR;
				CLANG_WARN_DOCUMENTATION_COMMENTS = YES;
				CLANG_WARN_EMPTY_BODY = YES;
				CLANG_WARN_ENUM_CONVERSION = YES;
				CLANG_WARN_INFINITE_RECURSION = YES;
				CLANG_WARN_INT_CONVERSION = YES;
				CLANG_WARN_NON_LITERAL_NULL_CONVERSION = YES;
				CLANG_WARN_OBJC_IMPLICIT_RETAIN_SELF = YES;
				CLANG_WARN_OBJC_LITERAL_CONVERSION = YES;
				CLANG_WARN_OBJC_ROOT_CLASS = YES_ERROR;
				CLANG_WARN_QUOTED_INCLUDE_IN_FRAMEWORK_HEADER = YES;
				CLANG_WARN_RANGE_LOOP_ANALYSIS = YES;
				CLANG_WARN_STRICT_PROTOTYPES = YES;
				CLANG_WARN_SUSPICIOUS_MOVE = YES;
				CLANG_WARN_UNGUARDED_AVAILABILITY = YES_AGGRESSIVE;
				CLANG_WARN_UNREACHABLE_CODE = YES;
				CLANG_WARN__DUPLICATE_METHOD_MATCH = YES;
				COPY_PHASE_STRIP = NO;
				DEBUG_INFORMATION_FORMAT = dwarf;
				ENABLE_STRICT_OBJC_MSGSEND = YES;
				ENABLE_TESTABILITY = YES;
				ENABLE_USER_SCRIPT_SANDBOXING = YES;
				GCC_C_LANGUAGE_STANDARD = gnu17;
				GCC_DYNAMIC_NO_PIC = NO;
				GCC_NO_COMMON_BLOCKS = YES;
				GCC_OPTIMIZATION_LEVEL = 0;
				GCC_PREPROCESSOR_DEFINITIONS = (
					"DEBUG=1",
					"$(inherited)",
				);
				GCC_WARN_64_TO_32_BIT_CONVERSION = YES;
				GCC_WARN_ABOUT_RETURN_TYPE = YES_ERROR;
				GCC_WARN_UNDECLARED_SELECTOR = YES;
				GCC_WARN_UNINITIALIZED_AUTOS = YES_AGGRESSIVE;
				GCC_WARN_UNUSED_FUNCTION = YES;
				GCC_WARN_UNUSED_VARIABLE = YES;
				IPHONEOS_DEPLOYMENT_TARGET = 17.5;
				LOCALIZATION_PREFERS_STRING_CATALOGS = YES;
				MTL_ENABLE_DEBUG_INFO = INCLUDE_SOURCE;
				MTL_FAST_MATH = YES;
				ONLY_ACTIVE_ARCH = YES;
				SDKROOT = iphoneos;
				SWIFT_ACTIVE_COMPILATION_CONDITIONS = "DEBUG $(inherited)";
				SWIFT_OPTIMIZATION_LEVEL = "-Onone";
			};
			name = Debug;
		};
		E85ADA142C2CC64F0057C3FA /* Release */ = {
			isa = XCBuildConfiguration;
			buildSettings = {
				ALWAYS_SEARCH_USER_PATHS = NO;
				ASSETCATALOG_COMPILER_GENERATE_SWIFT_ASSET_SYMBOL_EXTENSIONS = YES;
				CLANG_ANALYZER_NONNULL = YES;
				CLANG_ANALYZER_NUMBER_OBJECT_CONVERSION = YES_AGGRESSIVE;
				CLANG_CXX_LANGUAGE_STANDARD = "gnu++20";
				CLANG_ENABLE_MODULES = YES;
				CLANG_ENABLE_OBJC_ARC = YES;
				CLANG_ENABLE_OBJC_WEAK = YES;
				CLANG_WARN_BLOCK_CAPTURE_AUTORELEASING = YES;
				CLANG_WARN_BOOL_CONVERSION = YES;
				CLANG_WARN_COMMA = YES;
				CLANG_WARN_CONSTANT_CONVERSION = YES;
				CLANG_WARN_DEPRECATED_OBJC_IMPLEMENTATIONS = YES;
				CLANG_WARN_DIRECT_OBJC_ISA_USAGE = YES_ERROR;
				CLANG_WARN_DOCUMENTATION_COMMENTS = YES;
				CLANG_WARN_EMPTY_BODY = YES;
				CLANG_WARN_ENUM_CONVERSION = YES;
				CLANG_WARN_INFINITE_RECURSION = YES;
				CLANG_WARN_INT_CONVERSION = YES;
				CLANG_WARN_NON_LITERAL_NULL_CONVERSION = YES;
				CLANG_WARN_OBJC_IMPLICIT_RETAIN_SELF = YES;
				CLANG_WARN_OBJC_LITERAL_CONVERSION = YES;
				CLANG_WARN_OBJC_ROOT_CLASS = YES_ERROR;
				CLANG_WARN_QUOTED_INCLUDE_IN_FRAMEWORK_HEADER = YES;
				CLANG_WARN_RANGE_LOOP_ANALYSIS = YES;
				CLANG_WARN_STRICT_PROTOTYPES = YES;
				CLANG_WARN_SUSPICIOUS_MOVE = YES;
				CLANG_WARN_UNGUARDED_AVAILABILITY = YES_AGGRESSIVE;
				CLANG_WARN_UNREACHABLE_CODE = YES;
				CLANG_WARN__DUPLICATE_METHOD_MATCH = YES;
				COPY_PHASE_STRIP = NO;
				DEBUG_INFORMATION_FORMAT = "dwarf-with-dsym";
				ENABLE_NS_ASSERTIONS = NO;
				ENABLE_STRICT_OBJC_MSGSEND = YES;
				ENABLE_USER_SCRIPT_SANDBOXING = YES;
				GCC_C_LANGUAGE_STANDARD = gnu17;
				GCC_NO_COMMON_BLOCKS = YES;
				GCC_WARN_64_TO_32_BIT_CONVERSION = YES;
				GCC_WARN_ABOUT_RETURN_TYPE = YES_ERROR;
				GCC_WARN_UNDECLARED_SELECTOR = YES;
				GCC_WARN_UNINITIALIZED_AUTOS = YES_AGGRESSIVE;
				GCC_WARN_UNUSED_FUNCTION = YES;
				GCC_WARN_UNUSED_VARIABLE = YES;
				IPHONEOS_DEPLOYMENT_TARGET = 17.5;
				LOCALIZATION_PREFERS_STRING_CATALOGS = YES;
				MTL_ENABLE_DEBUG_INFO = NO;
				MTL_FAST_MATH = YES;
				SDKROOT = iphoneos;
				SWIFT_COMPILATION_MODE = wholemodule;
				VALIDATE_PRODUCT = YES;
			};
			name = Release;
		};
		E85ADA162C2CC64F0057C3FA /* Debug */ = {
			isa = XCBuildConfiguration;
			buildSettings = {
				ASSETCATALOG_COMPILER_APPICON_NAME = AppIcon;
				ASSETCATALOG_COMPILER_GLOBAL_ACCENT_COLOR_NAME = AccentColor;
				CODE_SIGN_STYLE = Automatic;
				CURRENT_PROJECT_VERSION = 1;
				DEVELOPMENT_ASSET_PATHS = "\"Food-Ordering/Preview Content\"";
				DEVELOPMENT_TEAM = 9ZR9YLQLYW;
				ENABLE_PREVIEWS = YES;
				GENERATE_INFOPLIST_FILE = YES;
				INFOPLIST_KEY_UIApplicationSceneManifest_Generation = YES;
				INFOPLIST_KEY_UIApplicationSupportsIndirectInputEvents = YES;
				INFOPLIST_KEY_UILaunchScreen_Generation = YES;
				INFOPLIST_KEY_UISupportedInterfaceOrientations_iPad = "UIInterfaceOrientationPortrait UIInterfaceOrientationPortraitUpsideDown UIInterfaceOrientationLandscapeLeft UIInterfaceOrientationLandscapeRight";
				INFOPLIST_KEY_UISupportedInterfaceOrientations_iPhone = "UIInterfaceOrientationPortrait UIInterfaceOrientationLandscapeLeft UIInterfaceOrientationLandscapeRight";
				LD_RUNPATH_SEARCH_PATHS = (
					"$(inherited)",
					"@executable_path/Frameworks",
				);
				MARKETING_VERSION = 1.0;
				PRODUCT_BUNDLE_IDENTIFIER = "com.rabieHs.Food-Ordering";
				PRODUCT_NAME = "$(TARGET_NAME)";
				SWIFT_EMIT_LOC_STRINGS = YES;
				SWIFT_VERSION = 5.0;
				TARGETED_DEVICE_FAMILY = "1,2";
			};
			name = Debug;
		};
		E85ADA172C2CC64F0057C3FA /* Release */ = {
			isa = XCBuildConfiguration;
			buildSettings = {
				ASSETCATALOG_COMPILER_APPICON_NAME = AppIcon;
				ASSETCATALOG_COMPILER_GLOBAL_ACCENT_COLOR_NAME = AccentColor;
				CODE_SIGN_STYLE = Automatic;
				CURRENT_PROJECT_VERSION = 1;
				DEVELOPMENT_ASSET_PATHS = "\"Food-Ordering/Preview Content\"";
				DEVELOPMENT_TEAM = 9ZR9YLQLYW;
				ENABLE_PREVIEWS = YES;
				GENERATE_INFOPLIST_FILE = YES;
				INFOPLIST_KEY_UIApplicationSceneManifest_Generation = YES;
				INFOPLIST_KEY_UIApplicationSupportsIndirectInputEvents = YES;
				INFOPLIST_KEY_UILaunchScreen_Generation = YES;
				INFOPLIST_KEY_UISupportedInterfaceOrientations_iPad = "UIInterfaceOrientationPortrait UIInterfaceOrientationPortraitUpsideDown UIInterfaceOrientationLandscapeLeft UIInterfaceOrientationLandscapeRight";
				INFOPLIST_KEY_UISupportedInterfaceOrientations_iPhone = "UIInterfaceOrientationPortrait UIInterfaceOrientationLandscapeLeft UIInterfaceOrientationLandscapeRight";
				LD_RUNPATH_SEARCH_PATHS = (
					"$(inherited)",
					"@executable_path/Frameworks",
				);
				MARKETING_VERSION = 1.0;
				PRODUCT_BUNDLE_IDENTIFIER = "com.rabieHs.Food-Ordering";
				PRODUCT_NAME = "$(TARGET_NAME)";
				SWIFT_EMIT_LOC_STRINGS = YES;
				SWIFT_VERSION = 5.0;
				TARGETED_DEVICE_FAMILY = "1,2";
			};
			name = Release;
		};
/* End XCBuildConfiguration section */

/* Begin XCConfigurationList section */
		E85ADA022C2CC64C0057C3FA /* Build configuration list for PBXProject "Food-Ordering" */ = {
			isa = XCConfigurationList;
			buildConfigurations = (
				E85ADA132C2CC64F0057C3FA /* Debug */,
				E85ADA142C2CC64F0057C3FA /* Release */,
			);
			defaultConfigurationIsVisible = 0;
			defaultConfigurationName = Release;
		};
		E85ADA152C2CC64F0057C3FA /* Build configuration list for PBXNativeTarget "Food-Ordering" */ = {
			isa = XCConfigurationList;
			buildConfigurations = (
				E85ADA162C2CC64F0057C3FA /* Debug */,
				E85ADA172C2CC64F0057C3FA /* Release */,
			);
			defaultConfigurationIsVisible = 0;
			defaultConfigurationName = Release;
		};
/* End XCConfigurationList section */
	};
	rootObject = E85AD9FF2C2CC64C0057C3FA /* Project object */;
}
